
Microsoft Visual Studio Solution File, Format Version 12.00
# Visual Studio Version 16
VisualStudioVersion = 16.0.31313.79
MinimumVisualStudioVersion = 10.0.40219.1
Project("{8BC9CEB8-8B4A-11D0-8D11-00A0C91BC942}") = "PM1_kadai01", "PM1_kadai01\PM1_kadai01.vcxproj", "{A81CEA07-3635-4BC8-80E5-FC53B9A396B3}"
EndProject
Global
	GlobalSection(SolutionConfigurationPlatforms) = preSolution
		Debug|x64 = Debug|x64
		Debug|x86 = Debug|x86
		Release|x64 = Release|x64
		Release|x86 = Release|x86
	EndGlobalSection
	GlobalSection(ProjectConfigurationPlatforms) = postSolution
		{A81CEA07-3635-4BC8-80E5-FC53B9A396B3}.Debug|x64.ActiveCfg = Debug|x64
		{A81CEA07-3635-4BC8-80E5-FC53B9A396B3}.Debug|x64.Build.0 = Debug|x64
		{A81CEA07-3635-4BC8-80E5-FC53B9A396B3}.Debug|x86.ActiveCfg = Debug|Win32
		{A81CEA07-3635-4BC8-80E5-FC53B9A396B3}.Debug|x86.Build.0 = Debug|Win32
		{A81CEA07-3635-4BC8-80E5-FC53B9A396B3}.Release|x64.ActiveCfg = Release|x64
		{A81CEA07-3635-4BC8-80E5-FC53B9A396B3}.Release|x64.Build.0 = Release|x64
		{A81CEA07-3635-4BC8-80E5-FC53B9A396B3}.Release|x86.ActiveCfg = Release|Win32
		{A81CEA07-3635-4BC8-80E5-FC53B9A396B3}.Release|x86.Build.0 = Release|Win32
	EndGlobalSection
	GlobalSection(SolutionProperties) = preSolution
		HideSolutionNode = FALSE
	EndGlobalSection
	GlobalSection(ExtensibilityGlobals) = postSolution
		SolutionGuid = {B8807E41-B655-4DD1-9BEA-FDB7E63B6B5B}
	EndGlobalSection
EndGlobal
